
Microsoft Visual Studio Solution File, Format Version 12.00
# Visual Studio Version 17
VisualStudioVersion = 17.7.34003.232
MinimumVisualStudioVersion = 10.0.40219.1
Project("{FAE04EC0-301F-11D3-BF4B-00C04F79EFBC}") = "CurrencyAPI", "CurrencyAPI\CurrencyAPI.csproj", "{01FA3C71-2F20-4471-BB8E-1C5F5EE9D8A5}"
EndProject
Global
	GlobalSection(SolutionConfigurationPlatforms) = preSolution
		Debug|Any CPU = Debug|Any CPU
		Release|Any CPU = Release|Any CPU
	EndGlobalSection
	GlobalSection(ProjectConfigurationPlatforms) = postSolution
		{01FA3C71-2F20-4471-BB8E-1C5F5EE9D8A5}.Debug|Any CPU.ActiveCfg = Debug|Any CPU
		{01FA3C71-2F20-4471-BB8E-1C5F5EE9D8A5}.Debug|Any CPU.Build.0 = Debug|Any CPU
		{01FA3C71-2F20-4471-BB8E-1C5F5EE9D8A5}.Release|Any CPU.ActiveCfg = Release|Any CPU
		{01FA3C71-2F20-4471-BB8E-1C5F5EE9D8A5}.Release|Any CPU.Build.0 = Release|Any CPU
	EndGlobalSection
	GlobalSection(SolutionProperties) = preSolution
		HideSolutionNode = FALSE
	EndGlobalSection
	GlobalSection(ExtensibilityGlobals) = postSolution
		SolutionGuid = {2A431BA3-BE27-492F-9FBF-554EFF7B37AC}
	EndGlobalSection
EndGlobal
